// !$*UTF8*$!
{
	archiveVersion = 1;
	classes = {
	};
	objectVersion = 46;
	objects = {

/* Begin PBXBuildFile section */
		68694C03A32105456C54A456 /* libPods.a in Frameworks */ = {isa = PBXBuildFile; fileRef = 062418E78DB186F7A9E93029 /* libPods.a */; };
		68AB8A3D1B0081E9007B6EE0 /* main.m in Sources */ = {isa = PBXBuildFile; fileRef = 68AB8A3C1B0081E9007B6EE0 /* main.m */; };
		68AB8A401B0081E9007B6EE0 /* AppDelegate.m in Sources */ = {isa = PBXBuildFile; fileRef = 68AB8A3F1B0081E9007B6EE0 /* AppDelegate.m */; };
		68AB8A431B0081E9007B6EE0 /* ViewController.m in Sources */ = {isa = PBXBuildFile; fileRef = 68AB8A421B0081E9007B6EE0 /* ViewController.m */; };
		68AB8A461B0081E9007B6EE0 /* Main.storyboard in Resources */ = {isa = PBXBuildFile; fileRef = 68AB8A441B0081E9007B6EE0 /* Main.storyboard */; };
		68AB8A481B0081E9007B6EE0 /* Images.xcassets in Resources */ = {isa = PBXBuildFile; fileRef = 68AB8A471B0081E9007B6EE0 /* Images.xcassets */; };
		68AB8A4B1B0081E9007B6EE0 /* LaunchScreen.xib in Resources */ = {isa = PBXBuildFile; fileRef = 68AB8A491B0081E9007B6EE0 /* LaunchScreen.xib */; };
		68AB8A571B0081E9007B6EE0 /* HHHHHHTests.m in Sources */ = {isa = PBXBuildFile; fileRef = 68AB8A561B0081E9007B6EE0 /* HHHHHHTests.m */; };
/* End PBXBuildFile section */

/* Begin PBXContainerItemProxy section */
		68AB8A511B0081E9007B6EE0 /* PBXContainerItemProxy */ = {
			isa = PBXContainerItemProxy;
			containerPortal = 68AB8A2F1B0081E9007B6EE0 /* Project object */;
			proxyType = 1;
			remoteGlobalIDString = 68AB8A361B0081E9007B6EE0;
			remoteInfo = HHHHHH;
		};
/* End PBXContainerItemProxy section */

/* Begin PBXFileReference section */
		062418E78DB186F7A9E93029 /* libPods.a */ = {isa = PBXFileReference; explicitFileType = archive.ar; includeInIndex = 0; path = libPods.a; sourceTree = BUILT_PRODUCTS_DIR; };
		68AB8A371B0081E9007B6EE0 /* HHHHHH.app */ = {isa = PBXFileReference; explicitFileType = wrapper.application; includeInIndex = 0; path = HHHHHH.app; sourceTree = BUILT_PRODUCTS_DIR; };
		68AB8A3B1B0081E9007B6EE0 /* Info.plist */ = {isa = PBXFileReference; lastKnownFileType = text.plist.xml; path = Info.plist; sourceTree = "<group>"; };
		68AB8A3C1B0081E9007B6EE0 /* main.m */ = {isa = PBXFileReference; lastKnownFileType = sourcecode.c.objc; path = main.m; sourceTree = "<group>"; };
		68AB8A3E1B0081E9007B6EE0 /* AppDelegate.h */ = {isa = PBXFileReference; lastKnownFileType = sourcecode.c.h; path = AppDelegate.h; sourceTree = "<group>"; };
		68AB8A3F1B0081E9007B6EE0 /* AppDelegate.m */ = {isa = PBXFileReference; lastKnownFileType = sourcecode.c.objc; path = AppDelegate.m; sourceTree = "<group>"; };
		68AB8A411B0081E9007B6EE0 /* ViewController.h */ = {isa = PBXFileReference; lastKnownFileType = sourcecode.c.h; path = ViewController.h; sourceTree = "<group>"; };
		68AB8A421B0081E9007B6EE0 /* ViewController.m */ = {isa = PBXFileReference; lastKnownFileType = sourcecode.c.objc; path = ViewController.m; sourceTree = "<group>"; };
		68AB8A451B0081E9007B6EE0 /* Base */ = {isa = PBXFileReference; lastKnownFileType = file.storyboard; name = Base; path = Base.lproj/Main.storyboard; sourceTree = "<group>"; };
		68AB8A471B0081E9007B6EE0 /* Images.xcassets */ = {isa = PBXFileReference; lastKnownFileType = folder.assetcatalog; path = Images.xcassets; sourceTree = "<group>"; };
		68AB8A4A1B0081E9007B6EE0 /* Base */ = {isa = PBXFileReference; lastKnownFileType = file.xib; name = Base; path = Base.lproj/LaunchScreen.xib; sourceTree = "<group>"; };
		68AB8A501B0081E9007B6EE0 /* HHHHHHTests.xctest */ = {isa = PBXFileReference; explicitFileType = wrapper.cfbundle; includeInIndex = 0; path = HHHHHHTests.xctest; sourceTree = BUILT_PRODUCTS_DIR; };
		68AB8A551B0081E9007B6EE0 /* Info.plist */ = {isa = PBXFileReference; lastKnownFileType = text.plist.xml; path = Info.plist; sourceTree = "<group>"; };
		68AB8A561B0081E9007B6EE0 /* HHHHHHTests.m */ = {isa = PBXFileReference; lastKnownFileType = sourcecode.c.objc; path = HHHHHHTests.m; sourceTree = "<group>"; };
		7D690473A02EB18F2407BF08 /* Pods.debug.xcconfig */ = {isa = PBXFileReference; includeInIndex = 1; lastKnownFileType = text.xcconfig; name = Pods.debug.xcconfig; path = "Pods/Target Support Files/Pods/Pods.debug.xcconfig"; sourceTree = "<group>"; };
		7E9C9CECF1861DB541ACD6A1 /* Pods.release.xcconfig */ = {isa = PBXFileReference; includeInIndex = 1; lastKnownFileType = text.xcconfig; name = Pods.release.xcconfig; path = "Pods/Target Support Files/Pods/Pods.release.xcconfig"; sourceTree = "<group>"; };
/* End PBXFileReference section */

/* Begin PBXFrameworksBuildPhase section */
		68AB8A341B0081E9007B6EE0 /* Frameworks */ = {
			isa = PBXFrameworksBuildPhase;
			buildActionMask = 2147483647;
			files = (
				68694C03A32105456C54A456 /* libPods.a in Frameworks */,
			);
			runOnlyForDeploymentPostprocessing = 0;
		};
		68AB8A4D1B0081E9007B6EE0 /* Frameworks */ = {
			isa = PBXFrameworksBuildPhase;
			buildActionMask = 2147483647;
			files = (
			);
			runOnlyForDeploymentPostprocessing = 0;
		};
/* End PBXFrameworksBuildPhase section */

/* Begin PBXGroup section */
		68AB8A2E1B0081E9007B6EE0 = {
			isa = PBXGroup;
			children = (
				68AB8A391B0081E9007B6EE0 /* HHHHHH */,
				68AB8A531B0081E9007B6EE0 /* HHHHHHTests */,
				68AB8A381B0081E9007B6EE0 /* Products */,
				D2634C4A0B488761738BE284 /* Pods */,
				7EB36B9C5CAE619C2B9DDB35 /* Frameworks */,
			);
			sourceTree = "<group>";
		};
		68AB8A381B0081E9007B6EE0 /* Products */ = {
			isa = PBXGroup;
			children = (
				68AB8A371B0081E9007B6EE0 /* HHHHHH.app */,
				68AB8A501B0081E9007B6EE0 /* HHHHHHTests.xctest */,
			);
			name = Products;
			sourceTree = "<group>";
		};
		68AB8A391B0081E9007B6EE0 /* HHHHHH */ = {
			isa = PBXGroup;
			children = (
				68AB8A3E1B0081E9007B6EE0 /* AppDelegate.h */,
				68AB8A3F1B0081E9007B6EE0 /* AppDelegate.m */,
				68AB8A411B0081E9007B6EE0 /* ViewController.h */,
				68AB8A421B0081E9007B6EE0 /* ViewController.m */,
				68AB8A441B0081E9007B6EE0 /* Main.storyboard */,
				68AB8A471B0081E9007B6EE0 /* Images.xcassets */,
				68AB8A491B0081E9007B6EE0 /* LaunchScreen.xib */,
				68AB8A3A1B0081E9007B6EE0 /* Supporting Files */,
			);
			path = HHHHHH;
			sourceTree = "<group>";
		};
		68AB8A3A1B0081E9007B6EE0 /* Supporting Files */ = {
			isa = PBXGroup;
			children = (
				68AB8A3B1B0081E9007B6EE0 /* Info.plist */,
				68AB8A3C1B0081E9007B6EE0 /* main.m */,
			);
			name = "Supporting Files";
			sourceTree = "<group>";
		};
		68AB8A531B0081E9007B6EE0 /* HHHHHHTests */ = {
			isa = PBXGroup;
			children = (
				68AB8A561B0081E9007B6EE0 /* HHHHHHTests.m */,
				68AB8A541B0081E9007B6EE0 /* Supporting Files */,
			);
			path = HHHHHHTests;
			sourceTree = "<group>";
		};
		68AB8A541B0081E9007B6EE0 /* Supporting Files */ = {
			isa = PBXGroup;
			children = (
				68AB8A551B0081E9007B6EE0 /* Info.plist */,
			);
			name = "Supporting Files";
			sourceTree = "<group>";
		};
		7EB36B9C5CAE619C2B9DDB35 /* Frameworks */ = {
			isa = PBXGroup;
			children = (
				062418E78DB186F7A9E93029 /* libPods.a */,
			);
			name = Frameworks;
			sourceTree = "<group>";
		};
		D2634C4A0B488761738BE284 /* Pods */ = {
			isa = PBXGroup;
			children = (
				7D690473A02EB18F2407BF08 /* Pods.debug.xcconfig */,
				7E9C9CECF1861DB541ACD6A1 /* Pods.release.xcconfig */,
			);
			name = Pods;
			sourceTree = "<group>";
		};
/* End PBXGroup section */

/* Begin PBXNativeTarget section */
		68AB8A361B0081E9007B6EE0 /* HHHHHH */ = {
			isa = PBXNativeTarget;
			buildConfigurationList = 68AB8A5A1B0081E9007B6EE0 /* Build configuration list for PBXNativeTarget "HHHHHH" */;
			buildPhases = (
				7D9B0EE9440BFB138182F1E0 /* Check Pods Manifest.lock */,
				68AB8A331B0081E9007B6EE0 /* Sources */,
				68AB8A341B0081E9007B6EE0 /* Frameworks */,
				68AB8A351B0081E9007B6EE0 /* Resources */,
				7BA7C143EC4D41F7AB1D2B96 /* Copy Pods Resources */,
			);
			buildRules = (
			);
			dependencies = (
			);
			name = HHHHHH;
			productName = HHHHHH;
			productReference = 68AB8A371B0081E9007B6EE0 /* HHHHHH.app */;
			productType = "com.apple.product-type.application";
		};
		68AB8A4F1B0081E9007B6EE0 /* HHHHHHTests */ = {
			isa = PBXNativeTarget;
			buildConfigurationList = 68AB8A5D1B0081E9007B6EE0 /* Build configuration list for PBXNativeTarget "HHHHHHTests" */;
			buildPhases = (
				68AB8A4C1B0081E9007B6EE0 /* Sources */,
				68AB8A4D1B0081E9007B6EE0 /* Frameworks */,
				68AB8A4E1B0081E9007B6EE0 /* Resources */,
			);
			buildRules = (
			);
			dependencies = (
				68AB8A521B0081E9007B6EE0 /* PBXTargetDependency */,
			);
			name = HHHHHHTests;
			productName = HHHHHHTests;
			productReference = 68AB8A501B0081E9007B6EE0 /* HHHHHHTests.xctest */;
			productType = "com.apple.product-type.bundle.unit-test";
		};
/* End PBXNativeTarget section */

/* Begin PBXProject section */
		68AB8A2F1B0081E9007B6EE0 /* Project object */ = {
			isa = PBXProject;
			attributes = {
				LastUpgradeCheck = 0630;
				ORGANIZATIONNAME = kt;
				TargetAttributes = {
					68AB8A361B0081E9007B6EE0 = {
						CreatedOnToolsVersion = 6.3;
					};
					68AB8A4F1B0081E9007B6EE0 = {
						CreatedOnToolsVersion = 6.3;
						TestTargetID = 68AB8A361B0081E9007B6EE0;
					};
				};
			};
			buildConfigurationList = 68AB8A321B0081E9007B6EE0 /* Build configuration list for PBXProject "HHHHHH" */;
			compatibilityVersion = "Xcode 3.2";
			developmentRegion = English;
			hasScannedForEncodings = 0;
			knownRegions = (
				en,
				Base,
			);
			mainGroup = 68AB8A2E1B0081E9007B6EE0;
			productRefGroup = 68AB8A381B0081E9007B6EE0 /* Products */;
			projectDirPath = "";
			projectRoot = "";
			targets = (
				68AB8A361B0081E9007B6EE0 /* HHHHHH */,
				68AB8A4F1B0081E9007B6EE0 /* HHHHHHTests */,
			);
		};
/* End PBXProject section */

/* Begin PBXResourcesBuildPhase section */
		68AB8A351B0081E9007B6EE0 /* Resources */ = {
			isa = PBXResourcesBuildPhase;
			buildActionMask = 2147483647;
			files = (
				68AB8A461B0081E9007B6EE0 /* Main.storyboard in Resources */,
				68AB8A4B1B0081E9007B6EE0 /* LaunchScreen.xib in Resources */,
				68AB8A481B0081E9007B6EE0 /* Images.xcassets in Resources */,
			);
			runOnlyForDeploymentPostprocessing = 0;
		};
		68AB8A4E1B0081E9007B6EE0 /* Resources */ = {
			isa = PBXResourcesBuildPhase;
			buildActionMask = 2147483647;
			files = (
			);
			runOnlyForDeploymentPostprocessing = 0;
		};
/* End PBXResourcesBuildPhase section */

/* Begin PBXShellScriptBuildPhase section */
		7BA7C143EC4D41F7AB1D2B96 /* Copy Pods Resources */ = {
			isa = PBXShellScriptBuildPhase;
			buildActionMask = 2147483647;
			files = (
			);
			inputPaths = (
			);
			name = "Copy Pods Resources";
			outputPaths = (
			);
			runOnlyForDeploymentPostprocessing = 0;
			shellPath = /bin/sh;
			shellScript = "\"${SRCROOT}/Pods/Target Support Files/Pods/Pods-resources.sh\"\n";
			showEnvVarsInLog = 0;
		};
		7D9B0EE9440BFB138182F1E0 /* Check Pods Manifest.lock */ = {
			isa = PBXShellScriptBuildPhase;
			buildActionMask = 2147483647;
			files = (
			);
			inputPaths = (
			);
			name = "Check Pods Manifest.lock";
			outputPaths = (
			);
			runOnlyForDeploymentPostprocessing = 0;
			shellPath = /bin/sh;
			shellScript = "diff \"${PODS_ROOT}/../Podfile.lock\" \"${PODS_ROOT}/Manifest.lock\" > /dev/null\nif [[ $? != 0 ]] ; then\n    cat << EOM\nerror: The sandbox is not in sync with the Podfile.lock. Run 'pod install' or update your CocoaPods installation.\nEOM\n    exit 1\nfi\n";
			showEnvVarsInLog = 0;
		};
/* End PBXShellScriptBuildPhase section */

/* Begin PBXSourcesBuildPhase section */
		68AB8A331B0081E9007B6EE0 /* Sources */ = {
			isa = PBXSourcesBuildPhase;
			buildActionMask = 2147483647;
			files = (
				68AB8A431B0081E9007B6EE0 /* ViewController.m in Sources */,
				68AB8A401B0081E9007B6EE0 /* AppDelegate.m in Sources */,
				68AB8A3D1B0081E9007B6EE0 /* main.m in Sources */,
			);
			runOnlyForDeploymentPostprocessing = 0;
		};
		68AB8A4C1B0081E9007B6EE0 /* Sources */ = {
			isa = PBXSourcesBuildPhase;
			buildActionMask = 2147483647;
			files = (
				68AB8A571B0081E9007B6EE0 /* HHHHHHTests.m in Sources */,
			);
			runOnlyForDeploymentPostprocessing = 0;
		};
/* End PBXSourcesBuildPhase section */

/* Begin PBXTargetDependency section */
		68AB8A521B0081E9007B6EE0 /* PBXTargetDependency */ = {
			isa = PBXTargetDependency;
			target = 68AB8A361B0081E9007B6EE0 /* HHHHHH */;
			targetProxy = 68AB8A511B0081E9007B6EE0 /* PBXContainerItemProxy */;
		};
/* End PBXTargetDependency section */

/* Begin PBXVariantGroup section */
		68AB8A441B0081E9007B6EE0 /* Main.storyboard */ = {
			isa = PBXVariantGroup;
			children = (
				68AB8A451B0081E9007B6EE0 /* Base */,
			);
			name = Main.storyboard;
			sourceTree = "<group>";
		};
		68AB8A491B0081E9007B6EE0 /* LaunchScreen.xib */ = {
			isa = PBXVariantGroup;
			children = (
				68AB8A4A1B0081E9007B6EE0 /* Base */,
			);
			name = LaunchScreen.xib;
			sourceTree = "<group>";
		};
/* End PBXVariantGroup section */

/* Begin XCBuildConfiguration section */
		68AB8A581B0081E9007B6EE0 /* Debug */ = {
			isa = XCBuildConfiguration;
			buildSettings = {
				ALWAYS_SEARCH_USER_PATHS = NO;
				CLANG_CXX_LANGUAGE_STANDARD = "gnu++0x";
				CLANG_CXX_LIBRARY = "libc++";
				CLANG_ENABLE_MODULES = YES;
				CLANG_ENABLE_OBJC_ARC = YES;
				CLANG_WARN_BOOL_CONVERSION = YES;
				CLANG_WARN_CONSTANT_CONVERSION = YES;
				CLANG_WARN_DIRECT_OBJC_ISA_USAGE = YES_ERROR;
				CLANG_WARN_EMPTY_BODY = YES;
				CLANG_WARN_ENUM_CONVERSION = YES;
				CLANG_WARN_INT_CONVERSION = YES;
				CLANG_WARN_OBJC_ROOT_CLASS = YES_ERROR;
				CLANG_WARN_UNREACHABLE_CODE = YES;
				CLANG_WARN__DUPLICATE_METHOD_MATCH = YES;
				"CODE_SIGN_IDENTITY[sdk=iphoneos*]" = "iPhone Developer";
				COPY_PHASE_STRIP = NO;
				DEBUG_INFORMATION_FORMAT = "dwarf-with-dsym";
				ENABLE_STRICT_OBJC_MSGSEND = YES;
				GCC_C_LANGUAGE_STANDARD = gnu99;
				GCC_DYNAMIC_NO_PIC = NO;
				GCC_NO_COMMON_BLOCKS = YES;
				GCC_OPTIMIZATION_LEVEL = 0;
				GCC_PREPROCESSOR_DEFINITIONS = (
					"DEBUG=1",
					"$(inherited)",
				);
				GCC_SYMBOLS_PRIVATE_EXTERN = NO;
				GCC_WARN_64_TO_32_BIT_CONVERSION = YES;
				GCC_WARN_ABOUT_RETURN_TYPE = YES_ERROR;
				GCC_WARN_UNDECLARED_SELECTOR = YES;
				GCC_WARN_UNINITIALIZED_AUTOS = YES_AGGRESSIVE;
				GCC_WARN_UNUSED_FUNCTION = YES;
				GCC_WARN_UNUSED_VARIABLE = YES;
				IPHONEOS_DEPLOYMENT_TARGET = 8.3;
				MTL_ENABLE_DEBUG_INFO = YES;
				ONLY_ACTIVE_ARCH = YES;
				SDKROOT = iphoneos;
			};
			name = Debug;
		};
		68AB8A591B0081E9007B6EE0 /* Release */ = {
			isa = XCBuildConfiguration;
			buildSettings = {
				ALWAYS_SEARCH_USER_PATHS = NO;
				CLANG_CXX_LANGUAGE_STANDARD = "gnu++0x";
				CLANG_CXX_LIBRARY = "libc++";
				CLANG_ENABLE_MODULES = YES;
				CLANG_ENABLE_OBJC_ARC = YES;
				CLANG_WARN_BOOL_CONVERSION = YES;
				CLANG_WARN_CONSTANT_CONVERSION = YES;
				CLANG_WARN_DIRECT_OBJC_ISA_USAGE = YES_ERROR;
				CLANG_WARN_EMPTY_BODY = YES;
				CLANG_WARN_ENUM_CONVERSION = YES;
				CLANG_WARN_INT_CONVERSION = YES;
				CLANG_WARN_OBJC_ROOT_CLASS = YES_ERROR;
				CLANG_WARN_UNREACHABLE_CODE = YES;
				CLANG_WARN__DUPLICATE_METHOD_MATCH = YES;
				"CODE_SIGN_IDENTITY[sdk=iphoneos*]" = "iPhone Developer";
				COPY_PHASE_STRIP = NO;
				DEBUG_INFORMATION_FORMAT = "dwarf-with-dsym";
				ENABLE_NS_ASSERTIONS = NO;
				ENABLE_STRICT_OBJC_MSGSEND = YES;
				GCC_C_LANGUAGE_STANDARD = gnu99;
				GCC_NO_COMMON_BLOCKS = YES;
				GCC_WARN_64_TO_32_BIT_CONVERSION = YES;
				GCC_WARN_ABOUT_RETURN_TYPE = YES_ERROR;
				GCC_WARN_UNDECLARED_SELECTOR = YES;
				GCC_WARN_UNINITIALIZED_AUTOS = YES_AGGRESSIVE;
				GCC_WARN_UNUSED_FUNCTION = YES;
				GCC_WARN_UNUSED_VARIABLE = YES;
				IPHONEOS_DEPLOYMENT_TARGET = 8.3;
				MTL_ENABLE_DEBUG_INFO = NO;
				SDKROOT = iphoneos;
				VALIDATE_PRODUCT = YES;
			};
			name = Release;
		};
		68AB8A5B1B0081E9007B6EE0 /* Debug */ = {
			isa = XCBuildConfiguration;
			baseConfigurationReference = 7D690473A02EB18F2407BF08 /* Pods.debug.xcconfig */;
			buildSettings = {
				ASSETCATALOG_COMPILER_APPICON_NAME = AppIcon;
				INFOPLIST_FILE = HHHHHH/Info.plist;
				LD_RUNPATH_SEARCH_PATHS = "$(inherited) @executable_path/Frameworks";
				PRODUCT_NAME = "$(TARGET_NAME)";
			};
			name = Debug;
		};
		68AB8A5C1B0081E9007B6EE0 /* Release */ = {
			isa = XCBuildConfiguration;
			baseConfigurationReference = 7E9C9CECF1861DB541ACD6A1 /* Pods.release.xcconfig */;
			buildSettings = {
				ASSETCATALOG_COMPILER_APPICON_NAME = AppIcon;
				INFOPLIST_FILE = HHHHHH/Info.plist;
				LD_RUNPATH_SEARCH_PATHS = "$(inherited) @executable_path/Frameworks";
				PRODUCT_NAME = "$(TARGET_NAME)";
			};
			name = Release;
		};
		68AB8A5E1B0081E9007B6EE0 /* Debug */ = {
			isa = XCBuildConfiguration;
			buildSettings = {
				BUNDLE_LOADER = "$(TEST_HOST)";
				FRAMEWORK_SEARCH_PATHS = (
					"$(SDKROOT)/Developer/Library/Frameworks",
					"$(inherited)",
				);
				GCC_PREPROCESSOR_DEFINITIONS = (
					"DEBUG=1",
					"$(inherited)",
				);
				INFOPLIST_FILE = HHHHHHTests/Info.plist;
				LD_RUNPATH_SEARCH_PATHS = "$(inherited) @executable_path/Frameworks @loader_path/Frameworks";
				PRODUCT_NAME = "$(TARGET_NAME)";
				TEST_HOST = "$(BUILT_PRODUCTS_DIR)/HHHHHH.app/HHHHHH";
			};
			name = Debug;
		};
		68AB8A5F1B0081E9007B6EE0 /* Release */ = {
			isa = XCBuildConfiguration;
			buildSettings = {
				BUNDLE_LOADER = "$(TEST_HOST)";
				FRAMEWORK_SEARCH_PATHS = (
					"$(SDKROOT)/Developer/Library/Frameworks",
					"$(inherited)",
				);
				INFOPLIST_FILE = HHHHHHTests/Info.plist;
				LD_RUNPATH_SEARCH_PATHS = "$(inherited) @executable_path/Frameworks @loader_path/Frameworks";
				PRODUCT_NAME = "$(TARGET_NAME)";
				TEST_HOST = "$(BUILT_PRODUCTS_DIR)/HHHHHH.app/HHHHHH";
			};
			name = Release;
		};
/* End XCBuildConfiguration section */

/* Begin XCConfigurationList section */
		68AB8A321B0081E9007B6EE0 /* Build configuration list for PBXProject "HHHHHH" */ = {
			isa = XCConfigurationList;
			buildConfigurations = (
				68AB8A581B0081E9007B6EE0 /* Debug */,
				68AB8A591B0081E9007B6EE0 /* Release */,
			);
			defaultConfigurationIsVisible = 0;
			defaultConfigurationName = Release;
		};
		68AB8A5A1B0081E9007B6EE0 /* Build configuration list for PBXNativeTarget "HHHHHH" */ = {
			isa = XCConfigurationList;
			buildConfigurations = (
				68AB8A5B1B0081E9007B6EE0 /* Debug */,
				68AB8A5C1B0081E9007B6EE0 /* Release */,
			);
			defaultConfigurationIsVisible = 0;
			defaultConfigurationName = Release;
		};
		68AB8A5D1B0081E9007B6EE0 /* Build configuration list for PBXNativeTarget "HHHHHHTests" */ = {
			isa = XCConfigurationList;
			buildConfigurations = (
				68AB8A5E1B0081E9007B6EE0 /* Debug */,
				68AB8A5F1B0081E9007B6EE0 /* Release */,
			);
			defaultConfigurationIsVisible = 0;
			defaultConfigurationName = Release;
		};
/* End XCConfigurationList section */
	};
	rootObject = 68AB8A2F1B0081E9007B6EE0 /* Project object */;
}
